PODS:
  - Amplitude (5.2.1)
  - Analytics (4.0.3)
  - Expecta (1.0.6)
  - OCHamcrest (7.1.2)
  - OCMockito (5.1.3):
    - OCHamcrest (~> 7.0)
  - Segment-Amplitude (3.0.2):
    - Amplitude
    - Analytics
  - Specta (1.0.7)

DEPENDENCIES:
  - Expecta
  - OCMockito
  - Segment-Amplitude (from `../`)
  - Specta

SPEC REPOS:
  https://github.com/CocoaPods/Specs.git:
    - Amplitude
    - Analytics
    - Expecta
    - OCHamcrest
    - OCMockito
    - Specta

EXTERNAL SOURCES:
  Segment-Amplitude:
    :path: "../"

SPEC CHECKSUMS:
  Amplitude: 9774e93d48d9f41f271a4479e06369a30ab31db1
  Analytics: 54b0551629871648686cb4ee1d243bf4f703f2c2
  Expecta: 3b6bd90a64b9a1dcb0b70aa0e10a7f8f631667d5
  OCHamcrest: b284c9592c28c1e4025a8542e67ea41a635d0d73
  OCMockito: 677cbb4a18fd492b5a4fb10144dada4de5ddb877
  Segment-Amplitude: 4dacdc8b53bd30ee39a936f5024c7d5ed626879b
  Specta: 3e1bd89c3517421982dc4d1c992503e48bd5fe66

PODFILE CHECKSUM: a7bf6ef16f54033a66dc8c09524260667af4e881

COCOAPODS: 1.9.1
